
Microsoft Visual Studio Solution File, Format Version 12.00
# Visual Studio 14
VisualStudioVersion = 14.0.25420.1
MinimumVisualStudioVersion = 10.0.40219.1
Project("{FAE04EC0-301F-11D3-BF4B-00C04F79EFBC}") = "EntityFrameworkAuditingSample", "EntityFrameworkAuditingSample\EntityFrameworkAuditingSample.csproj", "{1C889609-037B-4E03-9D94-CB004A8BE669}"
EndProject
Global
	GlobalSection(SolutionConfigurationPlatforms) = preSolution
		Debug|Any CPU = Debug|Any CPU
		Release|Any CPU = Release|Any CPU
	EndGlobalSection
	GlobalSection(ProjectConfigurationPlatforms) = postSolution
		{1C889609-037B-4E03-9D94-CB004A8BE669}.Debug|Any CPU.ActiveCfg = Debug|Any CPU
		{1C889609-037B-4E03-9D94-CB004A8BE669}.Debug|Any CPU.Build.0 = Debug|Any CPU
		{1C889609-037B-4E03-9D94-CB004A8BE669}.Release|Any CPU.ActiveCfg = Release|Any CPU
		{1C889609-037B-4E03-9D94-CB004A8BE669}.Release|Any CPU.Build.0 = Release|Any CPU
	EndGlobalSection
	GlobalSection(SolutionProperties) = preSolution
		HideSolutionNode = FALSE
	EndGlobalSection
	GlobalSection(CodealikeProperties) = postSolution
		SolutionGuid = e270718d-df03-450d-8d01-27910aabccbd
	EndGlobalSection
EndGlobal
